
Microsoft Visual Studio Solution File, Format Version 12.00
# Visual Studio Version 17
VisualStudioVersion = 17.8.34330.188
MinimumVisualStudioVersion = 10.0.40219.1
Project("{9A19103F-16F7-4668-BE54-9A1E7A4F7556}") = "Algorithms", "Algorithms\Algorithms.csproj", "{DE6BC617-F2AF-4885-BC39-ECAF3B4233CF}"
EndProject
Project("{9A19103F-16F7-4668-BE54-9A1E7A4F7556}") = "Modelling", "Modelling\Modelling.csproj", "{B653503F-9A7A-4CDF-B88F-449FA475A3ED}"
EndProject
Project("{9A19103F-16F7-4668-BE54-9A1E7A4F7556}") = "Demo", "Demo\Demo.csproj", "{376DECDF-196B-43CD-8540-8AC85F429428}"
EndProject
Global
	GlobalSection(SolutionConfigurationPlatforms) = preSolution
		Debug|Any CPU = Debug|Any CPU
		Release|Any CPU = Release|Any CPU
	EndGlobalSection
	GlobalSection(ProjectConfigurationPlatforms) = postSolution
		{DE6BC617-F2AF-4885-BC39-ECAF3B4233CF}.Debug|Any CPU.ActiveCfg = Debug|Any CPU
		{DE6BC617-F2AF-4885-BC39-ECAF3B4233CF}.Debug|Any CPU.Build.0 = Debug|Any CPU
		{DE6BC617-F2AF-4885-BC39-ECAF3B4233CF}.Release|Any CPU.ActiveCfg = Release|Any CPU
		{DE6BC617-F2AF-4885-BC39-ECAF3B4233CF}.Release|Any CPU.Build.0 = Release|Any CPU
		{B653503F-9A7A-4CDF-B88F-449FA475A3ED}.Debug|Any CPU.ActiveCfg = Debug|Any CPU
		{B653503F-9A7A-4CDF-B88F-449FA475A3ED}.Debug|Any CPU.Build.0 = Debug|Any CPU
		{B653503F-9A7A-4CDF-B88F-449FA475A3ED}.Release|Any CPU.ActiveCfg = Release|Any CPU
		{B653503F-9A7A-4CDF-B88F-449FA475A3ED}.Release|Any CPU.Build.0 = Release|Any CPU
		{376DECDF-196B-43CD-8540-8AC85F429428}.Debug|Any CPU.ActiveCfg = Debug|Any CPU
		{376DECDF-196B-43CD-8540-8AC85F429428}.Debug|Any CPU.Build.0 = Debug|Any CPU
		{376DECDF-196B-43CD-8540-8AC85F429428}.Release|Any CPU.ActiveCfg = Release|Any CPU
		{376DECDF-196B-43CD-8540-8AC85F429428}.Release|Any CPU.Build.0 = Release|Any CPU
	EndGlobalSection
	GlobalSection(SolutionProperties) = preSolution
		HideSolutionNode = FALSE
	EndGlobalSection
	GlobalSection(ExtensibilityGlobals) = postSolution
		SolutionGuid = {E3A7340D-FB95-44CD-AB51-37AD56ED3E91}
	EndGlobalSection
EndGlobal
